
Microsoft Visual Studio Solution File, Format Version 12.00
# Visual Studio Version 17
VisualStudioVersion = 17.2.32526.322
MinimumVisualStudioVersion = 10.0.40219.1
Project("{FAE04EC0-301F-11D3-BF4B-00C04F79EFBC}") = "PasswordGenerator", "PasswordGenerator\PasswordGenerator.csproj", "{0373E708-392D-4AF2-A6A0-DE2563683EDF}"
EndProject
Global
	GlobalSection(SolutionConfigurationPlatforms) = preSolution
		Debug|Any CPU = Debug|Any CPU
		Release|Any CPU = Release|Any CPU
	EndGlobalSection
	GlobalSection(ProjectConfigurationPlatforms) = postSolution
		{0373E708-392D-4AF2-A6A0-DE2563683EDF}.Debug|Any CPU.ActiveCfg = Debug|Any CPU
		{0373E708-392D-4AF2-A6A0-DE2563683EDF}.Debug|Any CPU.Build.0 = Debug|Any CPU
		{0373E708-392D-4AF2-A6A0-DE2563683EDF}.Release|Any CPU.ActiveCfg = Release|Any CPU
		{0373E708-392D-4AF2-A6A0-DE2563683EDF}.Release|Any CPU.Build.0 = Release|Any CPU
	EndGlobalSection
	GlobalSection(SolutionProperties) = preSolution
		HideSolutionNode = FALSE
	EndGlobalSection
	GlobalSection(ExtensibilityGlobals) = postSolution
		SolutionGuid = {CAB058E1-63FD-4546-9F06-2EC50BCD1D90}
	EndGlobalSection
EndGlobal
